// !$*UTF8*$!
{
	archiveVersion = 1;
	classes = {
	};
	objectVersion = 50;
	objects = {

/* Begin PBXBuildFile section */
		A1101AEE240DF5520093B211 /* AppDelegate.swift in Sources */ = {isa = PBXBuildFile; fileRef = A1101AED240DF5520093B211 /* AppDelegate.swift */; };
		A1101AF0240DF5520093B211 /* SceneDelegate.swift in Sources */ = {isa = PBXBuildFile; fileRef = A1101AEF240DF5520093B211 /* SceneDelegate.swift */; };
		A1101AF2240DF5520093B211 /* ViewController.swift in Sources */ = {isa = PBXBuildFile; fileRef = A1101AF1240DF5520093B211 /* ViewController.swift */; };
		A1101AF5240DF5520093B211 /* Main.storyboard in Resources */ = {isa = PBXBuildFile; fileRef = A1101AF3240DF5520093B211 /* Main.storyboard */; };
		A1101AF7240DF5520093B211 /* Assets.xcassets in Resources */ = {isa = PBXBuildFile; fileRef = A1101AF6240DF5520093B211 /* Assets.xcassets */; };
		A1101AFA240DF5520093B211 /* LaunchScreen.storyboard in Resources */ = {isa = PBXBuildFile; fileRef = A1101AF8240DF5520093B211 /* LaunchScreen.storyboard */; };
		A1619F022419EE97000C2DB8 /* SecondViewController.swift in Sources */ = {isa = PBXBuildFile; fileRef = A1619F012419EE97000C2DB8 /* SecondViewController.swift */; };
		A1B7DC082A3574F400ABFF86 /* cold.json in Resources */ = {isa = PBXBuildFile; fileRef = A1B7DC072A3574F400ABFF86 /* cold.json */; };
/* End PBXBuildFile section */

/* Begin PBXFileReference section */
		A1101AEA240DF5520093B211 /* Questionare.app */ = {isa = PBXFileReference; explicitFileType = wrapper.application; includeInIndex = 0; path = Questionare.app; sourceTree = BUILT_PRODUCTS_DIR; };
		A1101AED240DF5520093B211 /* AppDelegate.swift */ = {isa = PBXFileReference; lastKnownFileType = sourcecode.swift; path = AppDelegate.swift; sourceTree = "<group>"; };
		A1101AEF240DF5520093B211 /* SceneDelegate.swift */ = {isa = PBXFileReference; lastKnownFileType = sourcecode.swift; path = SceneDelegate.swift; sourceTree = "<group>"; };
		A1101AF1240DF5520093B211 /* ViewController.swift */ = {isa = PBXFileReference; lastKnownFileType = sourcecode.swift; path = ViewController.swift; sourceTree = "<group>"; };
		A1101AF4240DF5520093B211 /* Base */ = {isa = PBXFileReference; lastKnownFileType = file.storyboard; name = Base; path = Base.lproj/Main.storyboard; sourceTree = "<group>"; };
		A1101AF6240DF5520093B211 /* Assets.xcassets */ = {isa = PBXFileReference; lastKnownFileType = folder.assetcatalog; path = Assets.xcassets; sourceTree = "<group>"; };
		A1101AF9240DF5520093B211 /* Base */ = {isa = PBXFileReference; lastKnownFileType = file.storyboard; name = Base; path = Base.lproj/LaunchScreen.storyboard; sourceTree = "<group>"; };
		A1101AFB240DF5520093B211 /* Info.plist */ = {isa = PBXFileReference; lastKnownFileType = text.plist.xml; path = Info.plist; sourceTree = "<group>"; };
		A1619F012419EE97000C2DB8 /* SecondViewController.swift */ = {isa = PBXFileReference; lastKnownFileType = sourcecode.swift; path = SecondViewController.swift; sourceTree = "<group>"; };
		A1B7DC072A3574F400ABFF86 /* cold.json */ = {isa = PBXFileReference; fileEncoding = 4; lastKnownFileType = text.json; name = cold.json; path = Questionare/cold.json; sourceTree = SOURCE_ROOT; };
/* End PBXFileReference section */

/* Begin PBXFrameworksBuildPhase section */
		A1101AE7240DF5520093B211 /* Frameworks */ = {
			isa = PBXFrameworksBuildPhase;
			buildActionMask = 2147483647;
			files = (
			);
			runOnlyForDeploymentPostprocessing = 0;
		};
/* End PBXFrameworksBuildPhase section */

/* Begin PBXGroup section */
		A1101AE1240DF5520093B211 = {
			isa = PBXGroup;
			children = (
				A1101AEC240DF5520093B211 /* Questionare */,
				A1101AEB240DF5520093B211 /* Products */,
			);
			sourceTree = "<group>";
		};
		A1101AEB240DF5520093B211 /* Products */ = {
			isa = PBXGroup;
			children = (
				A1101AEA240DF5520093B211 /* Questionare.app */,
			);
			name = Products;
			sourceTree = "<group>";
		};
		A1101AEC240DF5520093B211 /* Questionare */ = {
			isa = PBXGroup;
			children = (
				A1B7DC062A3574D600ABFF86 /* cache */,
				A1101AED240DF5520093B211 /* AppDelegate.swift */,
				A1101AEF240DF5520093B211 /* SceneDelegate.swift */,
				A1101AF1240DF5520093B211 /* ViewController.swift */,
				A1101AF3240DF5520093B211 /* Main.storyboard */,
				A1101AF6240DF5520093B211 /* Assets.xcassets */,
				A1101AF8240DF5520093B211 /* LaunchScreen.storyboard */,
				A1101AFB240DF5520093B211 /* Info.plist */,
				A1619F012419EE97000C2DB8 /* SecondViewController.swift */,
			);
			path = Questionare;
			sourceTree = "<group>";
		};
		A1B7DC062A3574D600ABFF86 /* cache */ = {
			isa = PBXGroup;
			children = (
				A1B7DC072A3574F400ABFF86 /* cold.json */,
			);
			path = cache;
			sourceTree = "<group>";
		};
/* End PBXGroup section */

/* Begin PBXNativeTarget section */
		A1101AE9240DF5520093B211 /* Questionare */ = {
			isa = PBXNativeTarget;
			buildConfigurationList = A1101AFE240DF5520093B211 /* Build configuration list for PBXNativeTarget "Questionare" */;
			buildPhases = (
				A1101AE6240DF5520093B211 /* Sources */,
				A1101AE7240DF5520093B211 /* Frameworks */,
				A1101AE8240DF5520093B211 /* Resources */,
			);
			buildRules = (
			);
			dependencies = (
			);
			name = Questionare;
			productName = Questionare;
			productReference = A1101AEA240DF5520093B211 /* Questionare.app */;
			productType = "com.apple.product-type.application";
		};
/* End PBXNativeTarget section */

/* Begin PBXProject section */
		A1101AE2240DF5520093B211 /* Project object */ = {
			isa = PBXProject;
			attributes = {
				LastSwiftUpdateCheck = 1130;
				LastUpgradeCheck = 1130;
				ORGANIZATIONNAME = "Bryanza Novirahman";
				TargetAttributes = {
					A1101AE9240DF5520093B211 = {
						CreatedOnToolsVersion = 11.3.1;
					};
				};
			};
			buildConfigurationList = A1101AE5240DF5520093B211 /* Build configuration list for PBXProject "Questionare" */;
			compatibilityVersion = "Xcode 9.3";
			developmentRegion = en;
			hasScannedForEncodings = 0;
			knownRegions = (
				en,
				Base,
			);
			mainGroup = A1101AE1240DF5520093B211;
			productRefGroup = A1101AEB240DF5520093B211 /* Products */;
			projectDirPath = "";
			projectRoot = "";
			targets = (
				A1101AE9240DF5520093B211 /* Questionare */,
			);
		};
/* End PBXProject section */

/* Begin PBXResourcesBuildPhase section */
		A1101AE8240DF5520093B211 /* Resources */ = {
			isa = PBXResourcesBuildPhase;
			buildActionMask = 2147483647;
			files = (
				A1101AFA240DF5520093B211 /* LaunchScreen.storyboard in Resources */,
				A1101AF7240DF5520093B211 /* Assets.xcassets in Resources */,
				A1101AF5240DF5520093B211 /* Main.storyboard in Resources */,
				A1B7DC082A3574F400ABFF86 /* cold.json in Resources */,
			);
			runOnlyForDeploymentPostprocessing = 0;
		};
/* End PBXResourcesBuildPhase section */

/* Begin PBXSourcesBuildPhase section */
		A1101AE6240DF5520093B211 /* Sources */ = {
			isa = PBXSourcesBuildPhase;
			buildActionMask = 2147483647;
			files = (
				A1619F022419EE97000C2DB8 /* SecondViewController.swift in Sources */,
				A1101AF2240DF5520093B211 /* ViewController.swift in Sources */,
				A1101AEE240DF5520093B211 /* AppDelegate.swift in Sources */,
				A1101AF0240DF5520093B211 /* SceneDelegate.swift in Sources */,
			);
			runOnlyForDeploymentPostprocessing = 0;
		};
/* End PBXSourcesBuildPhase section */

/* Begin PBXVariantGroup section */
		A1101AF3240DF5520093B211 /* Main.storyboard */ = {
			isa = PBXVariantGroup;
			children = (
				A1101AF4240DF5520093B211 /* Base */,
			);
			name = Main.storyboard;
			sourceTree = "<group>";
		};
		A1101AF8240DF5520093B211 /* LaunchScreen.storyboard */ = {
			isa = PBXVariantGroup;
			children = (
				A1101AF9240DF5520093B211 /* Base */,
			);
			name = LaunchScreen.storyboard;
			sourceTree = "<group>";
		};
/* End PBXVariantGroup section */

/* Begin XCBuildConfiguration section */
		A1101AFC240DF5520093B211 /* Debug */ = {
			isa = XCBuildConfiguration;
			buildSettings = {
				ALWAYS_SEARCH_USER_PATHS = NO;
				CLANG_ANALYZER_NONNULL = YES;
				CLANG_ANALYZER_NUMBER_OBJECT_CONVERSION = YES_AGGRESSIVE;
				CLANG_CXX_LANGUAGE_STANDARD = "gnu++14";
				CLANG_CXX_LIBRARY = "libc++";
				CLANG_ENABLE_MODULES = YES;
				CLANG_ENABLE_OBJC_ARC = YES;
				CLANG_ENABLE_OBJC_WEAK = YES;
				CLANG_WARN_BLOCK_CAPTURE_AUTORELEASING = YES;
				CLANG_WARN_BOOL_CONVERSION = YES;
				CLANG_WARN_COMMA = YES;
				CLANG_WARN_CONSTANT_CONVERSION = YES;
				CLANG_WARN_DEPRECATED_OBJC_IMPLEMENTATIONS = YES;
				CLANG_WARN_DIRECT_OBJC_ISA_USAGE = YES_ERROR;
				CLANG_WARN_DOCUMENTATION_COMMENTS = YES;
				CLANG_WARN_EMPTY_BODY = YES;
				CLANG_WARN_ENUM_CONVERSION = YES;
				CLANG_WARN_INFINITE_RECURSION = YES;
				CLANG_WARN_INT_CONVERSION = YES;
				CLANG_WARN_NON_LITERAL_NULL_CONVERSION = YES;
				CLANG_WARN_OBJC_IMPLICIT_RETAIN_SELF = YES;
				CLANG_WARN_OBJC_LITERAL_CONVERSION = YES;
				CLANG_WARN_OBJC_ROOT_CLASS = YES_ERROR;
				CLANG_WARN_RANGE_LOOP_ANALYSIS = YES;
				CLANG_WARN_STRICT_PROTOTYPES = YES;
				CLANG_WARN_SUSPICIOUS_MOVE = YES;
				CLANG_WARN_UNGUARDED_AVAILABILITY = YES_AGGRESSIVE;
				CLANG_WARN_UNREACHABLE_CODE = YES;
				CLANG_WARN__DUPLICATE_METHOD_MATCH = YES;
				COPY_PHASE_STRIP = NO;
				DEBUG_INFORMATION_FORMAT = dwarf;
				ENABLE_STRICT_OBJC_MSGSEND = YES;
				ENABLE_TESTABILITY = YES;
				GCC_C_LANGUAGE_STANDARD = gnu11;
				GCC_DYNAMIC_NO_PIC = NO;
				GCC_NO_COMMON_BLOCKS = YES;
				GCC_OPTIMIZATION_LEVEL = 0;
				GCC_PREPROCESSOR_DEFINITIONS = (
					"DEBUG=1",
					"$(inherited)",
				);
				GCC_WARN_64_TO_32_BIT_CONVERSION = YES;
				GCC_WARN_ABOUT_RETURN_TYPE = YES_ERROR;
				GCC_WARN_UNDECLARED_SELECTOR = YES;
				GCC_WARN_UNINITIALIZED_AUTOS = YES_AGGRESSIVE;
				GCC_WARN_UNUSED_FUNCTION = YES;
				GCC_WARN_UNUSED_VARIABLE = YES;
				IPHONEOS_DEPLOYMENT_TARGET = 13.1;
				MTL_ENABLE_DEBUG_INFO = INCLUDE_SOURCE;
				MTL_FAST_MATH = YES;
				ONLY_ACTIVE_ARCH = YES;
				SDKROOT = iphoneos;
				SWIFT_ACTIVE_COMPILATION_CONDITIONS = DEBUG;
				SWIFT_OPTIMIZATION_LEVEL = "-Onone";
			};
			name = Debug;
		};
		A1101AFD240DF5520093B211 /* Release */ = {
			isa = XCBuildConfiguration;
			buildSettings = {
				ALWAYS_SEARCH_USER_PATHS = NO;
				CLANG_ANALYZER_NONNULL = YES;
				CLANG_ANALYZER_NUMBER_OBJECT_CONVERSION = YES_AGGRESSIVE;
				CLANG_CXX_LANGUAGE_STANDARD = "gnu++14";
				CLANG_CXX_LIBRARY = "libc++";
				CLANG_ENABLE_MODULES = YES;
				CLANG_ENABLE_OBJC_ARC = YES;
				CLANG_ENABLE_OBJC_WEAK = YES;
				CLANG_WARN_BLOCK_CAPTURE_AUTORELEASING = YES;
				CLANG_WARN_BOOL_CONVERSION = YES;
				CLANG_WARN_COMMA = YES;
				CLANG_WARN_CONSTANT_CONVERSION = YES;
				CLANG_WARN_DEPRECATED_OBJC_IMPLEMENTATIONS = YES;
				CLANG_WARN_DIRECT_OBJC_ISA_USAGE = YES_ERROR;
				CLANG_WARN_DOCUMENTATION_COMMENTS = YES;
				CLANG_WARN_EMPTY_BODY = YES;
				CLANG_WARN_ENUM_CONVERSION = YES;
				CLANG_WARN_INFINITE_RECURSION = YES;
				CLANG_WARN_INT_CONVERSION = YES;
				CLANG_WARN_NON_LITERAL_NULL_CONVERSION = YES;
				CLANG_WARN_OBJC_IMPLICIT_RETAIN_SELF = YES;
				CLANG_WARN_OBJC_LITERAL_CONVERSION = YES;
				CLANG_WARN_OBJC_ROOT_CLASS = YES_ERROR;
				CLANG_WARN_RANGE_LOOP_ANALYSIS = YES;
				CLANG_WARN_STRICT_PROTOTYPES = YES;
				CLANG_WARN_SUSPICIOUS_MOVE = YES;
				CLANG_WARN_UNGUARDED_AVAILABILITY = YES_AGGRESSIVE;
				CLANG_WARN_UNREACHABLE_CODE = YES;
				CLANG_WARN__DUPLICATE_METHOD_MATCH = YES;
				COPY_PHASE_STRIP = NO;
				DEBUG_INFORMATION_FORMAT = "dwarf-with-dsym";
				ENABLE_NS_ASSERTIONS = NO;
				ENABLE_STRICT_OBJC_MSGSEND = YES;
				GCC_C_LANGUAGE_STANDARD = gnu11;
				GCC_NO_COMMON_BLOCKS = YES;
				GCC_WARN_64_TO_32_BIT_CONVERSION = YES;
				GCC_WARN_ABOUT_RETURN_TYPE = YES_ERROR;
				GCC_WARN_UNDECLARED_SELECTOR = YES;
				GCC_WARN_UNINITIALIZED_AUTOS = YES_AGGRESSIVE;
				GCC_WARN_UNUSED_FUNCTION = YES;
				GCC_WARN_UNUSED_VARIABLE = YES;
				IPHONEOS_DEPLOYMENT_TARGET = 13.1;
				MTL_ENABLE_DEBUG_INFO = NO;
				MTL_FAST_MATH = YES;
				SDKROOT = iphoneos;
				SWIFT_COMPILATION_MODE = wholemodule;
				SWIFT_OPTIMIZATION_LEVEL = "-O";
				VALIDATE_PRODUCT = YES;
			};
			name = Release;
		};
		A1101AFF240DF5520093B211 /* Debug */ = {
			isa = XCBuildConfiguration;
			buildSettings = {
				ASSETCATALOG_COMPILER_APPICON_NAME = AppIcon;
				CODE_SIGN_STYLE = Automatic;
				DEVELOPMENT_TEAM = 7863FB5B6W;
				INFOPLIST_FILE = Questionare/Info.plist;
				LD_RUNPATH_SEARCH_PATHS = (
					"$(inherited)",
					"@executable_path/Frameworks",
				);
				PRODUCT_BUNDLE_IDENTIFIER = com.herokuapp.Questionare;
				PRODUCT_NAME = "${TARGET_NAME}";
				SWIFT_VERSION = 5.0;
				TARGETED_DEVICE_FAMILY = "1,2";
			};
			name = Debug;
		};
		A1101B00240DF5520093B211 /* Release */ = {
			isa = XCBuildConfiguration;
			buildSettings = {
				ASSETCATALOG_COMPILER_APPICON_NAME = AppIcon;
				CODE_SIGN_STYLE = Automatic;
				DEVELOPMENT_TEAM = 7863FB5B6W;
				INFOPLIST_FILE = Questionare/Info.plist;
				LD_RUNPATH_SEARCH_PATHS = (
					"$(inherited)",
					"@executable_path/Frameworks",
				);
				PRODUCT_BUNDLE_IDENTIFIER = com.herokuapp.Questionare;
				PRODUCT_NAME = "$(TARGET_NAME)";
				SWIFT_VERSION = 5.0;
				TARGETED_DEVICE_FAMILY = "1,2";
			};
			name = Release;
		};
/* End XCBuildConfiguration section */

/* Begin XCConfigurationList section */
		A1101AE5240DF5520093B211 /* Build configuration list for PBXProject "Questionare" */ = {
			isa = XCConfigurationList;
			buildConfigurations = (
				A1101AFC240DF5520093B211 /* Debug */,
				A1101AFD240DF5520093B211 /* Release */,
			);
			defaultConfigurationIsVisible = 0;
			defaultConfigurationName = Release;
		};
		A1101AFE240DF5520093B211 /* Build configuration list for PBXNativeTarget "Questionare" */ = {
			isa = XCConfigurationList;
			buildConfigurations = (
				A1101AFF240DF5520093B211 /* Debug */,
				A1101B00240DF5520093B211 /* Release */,
			);
			defaultConfigurationIsVisible = 0;
			defaultConfigurationName = Release;
		};
/* End XCConfigurationList section */
	};
	rootObject = A1101AE2240DF5520093B211 /* Project object */;
}
